{
  "name": "antlr4",
  "lockfileVersion": 2,
  "requires": true,
  "packages": {
    "": {
      "dependencies": {
        "antlr4": "4.10.0"
      }
    },
    "node_modules/antlr4": {
      "version": "4.10.0",
      "resolved": "https://registry.npmjs.org/antlr4/-/antlr4-4.10.0.tgz",
      "integrity": "sha512-JDztb6EeYBK9bzAbV2rQ17ymNoRfeGlAO2H4OeYGUdiucRYgB8qmR+C9XTrioMI+mYL3rAEIBXAJCVliWTXhsQ==",
      "engines": {
        "node": ">=14"
      }
    }
  },
  "dependencies": {
    "antlr4": {
      "version": "4.10.0",
      "resolved": "https://registry.npmjs.org/antlr4/-/antlr4-4.10.0.tgz",
      "integrity": "sha512-JDztb6EeYBK9bzAbV2rQ17ymNoRfeGlAO2H4OeYGUdiucRYgB8qmR+C9XTrioMI+mYL3rAEIBXAJCVliWTXhsQ=="
    }
  }
}
